
Microsoft Visual Studio Solution File, Format Version 12.00
# Visual Studio Version 17
VisualStudioVersion = 17.0.31912.275
MinimumVisualStudioVersion = 10.0.40219.1
Project("{9A19103F-16F7-4668-BE54-9A1E7A4F7556}") = "NoteIt.Api", "NoteIt.Api\NoteIt.Api.csproj", "{60B2C246-B2E7-40DC-A6D8-414CB11E0D1B}"
EndProject
Project("{9A19103F-16F7-4668-BE54-9A1E7A4F7556}") = "NoteIt.Domain", "NoteIt.Domain\NoteIt.Domain.csproj", "{D750CB39-DBD0-4F65-964A-7AC316D61E43}"
EndProject
Project("{9A19103F-16F7-4668-BE54-9A1E7A4F7556}") = "NoteIt.Application", "NoteIt.Application\NoteIt.Application.csproj", "{3494703A-C0D0-4836-8EB9-7D5B67B62EFA}"
EndProject
Project("{9A19103F-16F7-4668-BE54-9A1E7A4F7556}") = "NoteIt.Application.Test", "NoteIt.Application.Test\NoteIt.Application.Test.csproj", "{2C9E3E17-6CA9-46C9-ADF0-D01316A0B0AD}"
EndProject
Project("{9A19103F-16F7-4668-BE54-9A1E7A4F7556}") = "NoteIt.Persistence.EF", "NoteIt.Persistance.EF\NoteIt.Persistence.EF.csproj", "{69EEF539-E925-4FE8-BC8A-B0C66743594A}"
EndProject
Project("{9A19103F-16F7-4668-BE54-9A1E7A4F7556}") = "NoteIt.Api.Test", "NoteIt.Api.Test\NoteIt.Api.Test.csproj", "{5BE1432B-DE40-4BD3-BDD8-3AF671186B72}"
EndProject
Project("{FAE04EC0-301F-11D3-BF4B-00C04F79EFBC}") = "NoteIt.Application.Security", "NoteIt.Application.Security\NoteIt.Application.Security.csproj", "{17920E77-913B-4D4C-9F3C-6F6CB6B81AC1}"
EndProject
Project("{FAE04EC0-301F-11D3-BF4B-00C04F79EFBC}") = "NoteIt.Infrastructure.Security", "NoteIt.Infrastructure.Security\NoteIt.Infrastructure.Security.csproj", "{607FB1CA-7075-406F-A3AE-45EE72B897B8}"
EndProject
Global
	GlobalSection(SolutionConfigurationPlatforms) = preSolution
		Debug|Any CPU = Debug|Any CPU
		Release|Any CPU = Release|Any CPU
	EndGlobalSection
	GlobalSection(ProjectConfigurationPlatforms) = postSolution
		{60B2C246-B2E7-40DC-A6D8-414CB11E0D1B}.Debug|Any CPU.ActiveCfg = Debug|Any CPU
		{60B2C246-B2E7-40DC-A6D8-414CB11E0D1B}.Debug|Any CPU.Build.0 = Debug|Any CPU
		{60B2C246-B2E7-40DC-A6D8-414CB11E0D1B}.Release|Any CPU.ActiveCfg = Release|Any CPU
		{60B2C246-B2E7-40DC-A6D8-414CB11E0D1B}.Release|Any CPU.Build.0 = Release|Any CPU
		{D750CB39-DBD0-4F65-964A-7AC316D61E43}.Debug|Any CPU.ActiveCfg = Debug|Any CPU
		{D750CB39-DBD0-4F65-964A-7AC316D61E43}.Debug|Any CPU.Build.0 = Debug|Any CPU
		{D750CB39-DBD0-4F65-964A-7AC316D61E43}.Release|Any CPU.ActiveCfg = Release|Any CPU
		{D750CB39-DBD0-4F65-964A-7AC316D61E43}.Release|Any CPU.Build.0 = Release|Any CPU
		{3494703A-C0D0-4836-8EB9-7D5B67B62EFA}.Debug|Any CPU.ActiveCfg = Debug|Any CPU
		{3494703A-C0D0-4836-8EB9-7D5B67B62EFA}.Debug|Any CPU.Build.0 = Debug|Any CPU
		{3494703A-C0D0-4836-8EB9-7D5B67B62EFA}.Release|Any CPU.ActiveCfg = Release|Any CPU
		{3494703A-C0D0-4836-8EB9-7D5B67B62EFA}.Release|Any CPU.Build.0 = Release|Any CPU
		{2C9E3E17-6CA9-46C9-ADF0-D01316A0B0AD}.Debug|Any CPU.ActiveCfg = Debug|Any CPU
		{2C9E3E17-6CA9-46C9-ADF0-D01316A0B0AD}.Debug|Any CPU.Build.0 = Debug|Any CPU
		{2C9E3E17-6CA9-46C9-ADF0-D01316A0B0AD}.Release|Any CPU.ActiveCfg = Release|Any CPU
		{2C9E3E17-6CA9-46C9-ADF0-D01316A0B0AD}.Release|Any CPU.Build.0 = Release|Any CPU
		{69EEF539-E925-4FE8-BC8A-B0C66743594A}.Debug|Any CPU.ActiveCfg = Debug|Any CPU
		{69EEF539-E925-4FE8-BC8A-B0C66743594A}.Debug|Any CPU.Build.0 = Debug|Any CPU
		{69EEF539-E925-4FE8-BC8A-B0C66743594A}.Release|Any CPU.ActiveCfg = Release|Any CPU
		{69EEF539-E925-4FE8-BC8A-B0C66743594A}.Release|Any CPU.Build.0 = Release|Any CPU
		{5BE1432B-DE40-4BD3-BDD8-3AF671186B72}.Debug|Any CPU.ActiveCfg = Debug|Any CPU
		{5BE1432B-DE40-4BD3-BDD8-3AF671186B72}.Debug|Any CPU.Build.0 = Debug|Any CPU
		{5BE1432B-DE40-4BD3-BDD8-3AF671186B72}.Release|Any CPU.ActiveCfg = Release|Any CPU
		{5BE1432B-DE40-4BD3-BDD8-3AF671186B72}.Release|Any CPU.Build.0 = Release|Any CPU
		{17920E77-913B-4D4C-9F3C-6F6CB6B81AC1}.Debug|Any CPU.ActiveCfg = Debug|Any CPU
		{17920E77-913B-4D4C-9F3C-6F6CB6B81AC1}.Debug|Any CPU.Build.0 = Debug|Any CPU
		{17920E77-913B-4D4C-9F3C-6F6CB6B81AC1}.Release|Any CPU.ActiveCfg = Release|Any CPU
		{17920E77-913B-4D4C-9F3C-6F6CB6B81AC1}.Release|Any CPU.Build.0 = Release|Any CPU
		{607FB1CA-7075-406F-A3AE-45EE72B897B8}.Debug|Any CPU.ActiveCfg = Debug|Any CPU
		{607FB1CA-7075-406F-A3AE-45EE72B897B8}.Debug|Any CPU.Build.0 = Debug|Any CPU
		{607FB1CA-7075-406F-A3AE-45EE72B897B8}.Release|Any CPU.ActiveCfg = Release|Any CPU
		{607FB1CA-7075-406F-A3AE-45EE72B897B8}.Release|Any CPU.Build.0 = Release|Any CPU
	EndGlobalSection
	GlobalSection(SolutionProperties) = preSolution
		HideSolutionNode = FALSE
	EndGlobalSection
	GlobalSection(ExtensibilityGlobals) = postSolution
		SolutionGuid = {8A87C1A2-E4E4-407D-9496-7ABED2450C8D}
	EndGlobalSection
EndGlobal
